// !$*UTF8*$!
{
	archiveVersion = 1;
	classes = {
	};
	objectVersion = 56;
	objects = {

/* Begin PBXBuildFile section */
		931AA3EC2CDBCFFD002B3FB9 /* Constants.swift in Sources */ = {isa = PBXBuildFile; fileRef = 931AA3EB2CDBCFFD002B3FB9 /* Constants.swift */; };
		931AA3EF2CDBD1F1002B3FB9 /* NoCopyPasteTextView.swift in Sources */ = {isa = PBXBuildFile; fileRef = 931AA3EE2CDBD1F1002B3FB9 /* NoCopyPasteTextView.swift */; };
		931C5CFB2CDE1FD900D6802F /* TabbarViewController.swift in Sources */ = {isa = PBXBuildFile; fileRef = 931C5CF92CDE1FD900D6802F /* TabbarViewController.swift */; };
		931C5CFC2CDE1FD900D6802F /* TabbarViewController.xib in Resources */ = {isa = PBXBuildFile; fileRef = 931C5CFA2CDE1FD900D6802F /* TabbarViewController.xib */; };
		931C5CFF2CDE20A000D6802F /* TabbarView.swift in Sources */ = {isa = PBXBuildFile; fileRef = 931C5CFE2CDE20A000D6802F /* TabbarView.swift */; };
		931C5D012CDE20B500D6802F /* TabbarView.xib in Resources */ = {isa = PBXBuildFile; fileRef = 931C5D002CDE20B500D6802F /* TabbarView.xib */; };
		9349FC492CDC41D40048E90B /* GoogleService-Info.plist in Resources */ = {isa = PBXBuildFile; fileRef = 9349FC482CDC41D40048E90B /* GoogleService-Info.plist */; };
		9350607E2CDCC1B100F62B89 /* ForgotPasswordViewController.xib in Resources */ = {isa = PBXBuildFile; fileRef = 9350607D2CDCC1B100F62B89 /* ForgotPasswordViewController.xib */; };
		9350607F2CDCC1B100F62B89 /* ForgotPasswordViewController.swift in Sources */ = {isa = PBXBuildFile; fileRef = 9350607C2CDCC1B100F62B89 /* ForgotPasswordViewController.swift */; };
		935060872CDCF92700F62B89 /* SurveyViewController.swift in Sources */ = {isa = PBXBuildFile; fileRef = 935060852CDCF92700F62B89 /* SurveyViewController.swift */; };
		935060882CDCF92700F62B89 /* SurveyViewController.xib in Resources */ = {isa = PBXBuildFile; fileRef = 935060862CDCF92700F62B89 /* SurveyViewController.xib */; };
		9350608C2CDD028300F62B89 /* SurveyCollectionViewCell.swift in Sources */ = {isa = PBXBuildFile; fileRef = 9350608A2CDD028300F62B89 /* SurveyCollectionViewCell.swift */; };
		9350608D2CDD028300F62B89 /* SurveyCollectionViewCell.xib in Resources */ = {isa = PBXBuildFile; fileRef = 9350608B2CDD028300F62B89 /* SurveyCollectionViewCell.xib */; };
		9360ECE82CDD1B4A0097D38C /* SurveyQuestionCollectionViewCell.xib in Resources */ = {isa = PBXBuildFile; fileRef = 9360ECE72CDD1B4A0097D38C /* SurveyQuestionCollectionViewCell.xib */; };
		9360ECE92CDD1B4A0097D38C /* SurveyQuestionCollectionViewCell.swift in Sources */ = {isa = PBXBuildFile; fileRef = 9360ECE62CDD1B4A0097D38C /* SurveyQuestionCollectionViewCell.swift */; };
		9360ECEC2CDD1F370097D38C /* QuestionCollectionViewCell.xib in Resources */ = {isa = PBXBuildFile; fileRef = 9360ECEB2CDD1F370097D38C /* QuestionCollectionViewCell.xib */; };
		9360ECED2CDD1F370097D38C /* QuestionCollectionViewCell.swift in Sources */ = {isa = PBXBuildFile; fileRef = 9360ECEA2CDD1F370097D38C /* QuestionCollectionViewCell.swift */; };
		9360ECF02CDD21600097D38C /* SurveyModel.swift in Sources */ = {isa = PBXBuildFile; fileRef = 9360ECEF2CDD21600097D38C /* SurveyModel.swift */; };
		936D7A4A2CDF6DFA0088723D /* UIView+Corner.swift in Sources */ = {isa = PBXBuildFile; fileRef = 936D7A492CDF6DFA0088723D /* UIView+Corner.swift */; };
		936D7A4E2CDFA3400088723D /* BadHabitViewController.xib in Resources */ = {isa = PBXBuildFile; fileRef = 936D7A4D2CDFA3400088723D /* BadHabitViewController.xib */; };
		936D7A4F2CDFA3400088723D /* BadHabitViewController.swift in Sources */ = {isa = PBXBuildFile; fileRef = 936D7A4C2CDFA3400088723D /* BadHabitViewController.swift */; };
		936D7A532CDFA3710088723D /* GoodHabitViewController.xib in Resources */ = {isa = PBXBuildFile; fileRef = 936D7A522CDFA3710088723D /* GoodHabitViewController.xib */; };
		936D7A542CDFA3710088723D /* GoodHabitViewController.swift in Sources */ = {isa = PBXBuildFile; fileRef = 936D7A512CDFA3710088723D /* GoodHabitViewController.swift */; };
		93E57D942CDBBB740049F41E /* TextField+Extension.swift in Sources */ = {isa = PBXBuildFile; fileRef = 93E57D932CDBBB740049F41E /* TextField+Extension.swift */; };
		93FC73EC2CDF36F500F425C6 /* MenuViewController.swift in Sources */ = {isa = PBXBuildFile; fileRef = 93FC73EA2CDF36F500F425C6 /* MenuViewController.swift */; };
		93FC73ED2CDF36F500F425C6 /* MenuViewController.xib in Resources */ = {isa = PBXBuildFile; fileRef = 93FC73EB2CDF36F500F425C6 /* MenuViewController.xib */; };
		93FC73F32CDF375000F425C6 /* BookViewController.swift in Sources */ = {isa = PBXBuildFile; fileRef = 93FC73F12CDF375000F425C6 /* BookViewController.swift */; };
		93FC73F42CDF375000F425C6 /* BookViewController.xib in Resources */ = {isa = PBXBuildFile; fileRef = 93FC73F22CDF375000F425C6 /* BookViewController.xib */; };
		93FC73F82CDF376000F425C6 /* TimeViewController.swift in Sources */ = {isa = PBXBuildFile; fileRef = 93FC73F62CDF376000F425C6 /* TimeViewController.swift */; };
		93FC73F92CDF376000F425C6 /* TimeViewController.xib in Resources */ = {isa = PBXBuildFile; fileRef = 93FC73F72CDF376000F425C6 /* TimeViewController.xib */; };
		93FC73FC2CDF377700F425C6 /* StoreViewController.swift in Sources */ = {isa = PBXBuildFile; fileRef = 93FC73FA2CDF377700F425C6 /* StoreViewController.swift */; };
		93FC73FD2CDF377700F425C6 /* StoreViewController.xib in Resources */ = {isa = PBXBuildFile; fileRef = 93FC73FB2CDF377700F425C6 /* StoreViewController.xib */; };
		93FC74012CDF5E9600F425C6 /* AddHabitViewController.swift in Sources */ = {isa = PBXBuildFile; fileRef = 93FC73FF2CDF5E9600F425C6 /* AddHabitViewController.swift */; };
		93FC74022CDF5E9600F425C6 /* AddHabitViewController.xib in Resources */ = {isa = PBXBuildFile; fileRef = 93FC74002CDF5E9600F425C6 /* AddHabitViewController.xib */; };
		93FE11BE2CDA5B9200D674BC /* AppDelegate.swift in Sources */ = {isa = PBXBuildFile; fileRef = 93FE11BD2CDA5B9200D674BC /* AppDelegate.swift */; };
		93FE11C02CDA5B9200D674BC /* SceneDelegate.swift in Sources */ = {isa = PBXBuildFile; fileRef = 93FE11BF2CDA5B9200D674BC /* SceneDelegate.swift */; };
		93FE11C22CDA5B9200D674BC /* ViewController.swift in Sources */ = {isa = PBXBuildFile; fileRef = 93FE11C12CDA5B9200D674BC /* ViewController.swift */; };
		93FE11C52CDA5B9200D674BC /* Base in Resources */ = {isa = PBXBuildFile; fileRef = 93FE11C42CDA5B9200D674BC /* Base */; };
		93FE11C72CDA5B9300D674BC /* Assets.xcassets in Resources */ = {isa = PBXBuildFile; fileRef = 93FE11C62CDA5B9300D674BC /* Assets.xcassets */; };
		93FE11CA2CDA5B9300D674BC /* Base in Resources */ = {isa = PBXBuildFile; fileRef = 93FE11C92CDA5B9300D674BC /* Base */; };
		93FE11E02CDA81EC00D674BC /* SplashViewController.swift in Sources */ = {isa = PBXBuildFile; fileRef = 93FE11DE2CDA81EC00D674BC /* SplashViewController.swift */; };
		93FE11E12CDA81EC00D674BC /* SplashViewController.xib in Resources */ = {isa = PBXBuildFile; fileRef = 93FE11DF2CDA81EC00D674BC /* SplashViewController.xib */; };
		93FE11EF2CDA880700D674BC /* DefaultStorage.swift in Sources */ = {isa = PBXBuildFile; fileRef = 93FE11E32CDA880700D674BC /* DefaultStorage.swift */; };
		93FE11F12CDA880700D674BC /* Extension-TableViewRegister.swift in Sources */ = {isa = PBXBuildFile; fileRef = 93FE11E72CDA880700D674BC /* Extension-TableViewRegister.swift */; };
		93FE11F22CDA880700D674BC /* Extension-UIAlert.swift in Sources */ = {isa = PBXBuildFile; fileRef = 93FE11E82CDA880700D674BC /* Extension-UIAlert.swift */; };
		93FE11F32CDA880700D674BC /* UIBezierPath+createCurve.swift in Sources */ = {isa = PBXBuildFile; fileRef = 93FE11E92CDA880700D674BC /* UIBezierPath+createCurve.swift */; };
		93FE11F42CDA880700D674BC /* UIColor+Extension.swift in Sources */ = {isa = PBXBuildFile; fileRef = 93FE11EA2CDA880700D674BC /* UIColor+Extension.swift */; };
		93FE11F52CDA880700D674BC /* UIImage+Extension.swift in Sources */ = {isa = PBXBuildFile; fileRef = 93FE11EB2CDA880700D674BC /* UIImage+Extension.swift */; };
		93FE11F62CDA880700D674BC /* UIView+Border.swift in Sources */ = {isa = PBXBuildFile; fileRef = 93FE11EC2CDA880700D674BC /* UIView+Border.swift */; };
		93FE11F72CDA880700D674BC /* UIView+Radius.swift in Sources */ = {isa = PBXBuildFile; fileRef = 93FE11ED2CDA880700D674BC /* UIView+Radius.swift */; };
		93FE11FA2CDA885800D674BC /* LoginViewController.swift in Sources */ = {isa = PBXBuildFile; fileRef = 93FE11F82CDA885800D674BC /* LoginViewController.swift */; };
		93FE11FB2CDA885800D674BC /* LoginViewController.xib in Resources */ = {isa = PBXBuildFile; fileRef = 93FE11F92CDA885800D674BC /* LoginViewController.xib */; };
		93FE11FE2CDA886A00D674BC /* SignUpViewController.swift in Sources */ = {isa = PBXBuildFile; fileRef = 93FE11FC2CDA886A00D674BC /* SignUpViewController.swift */; };
		93FE11FF2CDA886A00D674BC /* SignUpViewController.xib in Resources */ = {isa = PBXBuildFile; fileRef = 93FE11FD2CDA886A00D674BC /* SignUpViewController.xib */; };
		93FE12022CDA888D00D674BC /* HomeViewController.swift in Sources */ = {isa = PBXBuildFile; fileRef = 93FE12002CDA888D00D674BC /* HomeViewController.swift */; };
		93FE12032CDA888D00D674BC /* HomeViewController.xib in Resources */ = {isa = PBXBuildFile; fileRef = 93FE12012CDA888D00D674BC /* HomeViewController.xib */; };
		93FE12072CDA8A1700D674BC /* OnboardingViewController.swift in Sources */ = {isa = PBXBuildFile; fileRef = 93FE12052CDA8A1700D674BC /* OnboardingViewController.swift */; };
		93FE12082CDA8A1700D674BC /* OnboardingViewController.xib in Resources */ = {isa = PBXBuildFile; fileRef = 93FE12062CDA8A1700D674BC /* OnboardingViewController.xib */; };
		93FE120B2CDA94CC00D674BC /* OnBoardingModel.swift in Sources */ = {isa = PBXBuildFile; fileRef = 93FE120A2CDA94CC00D674BC /* OnBoardingModel.swift */; };
		93FE12102CDA96D800D674BC /* OnboardingCollectionViewCell.swift in Sources */ = {isa = PBXBuildFile; fileRef = 93FE120E2CDA96D800D674BC /* OnboardingCollectionViewCell.swift */; };
		93FE12112CDA96D800D674BC /* OnboardingCollectionViewCell.xib in Resources */ = {isa = PBXBuildFile; fileRef = 93FE120F2CDA96D800D674BC /* OnboardingCollectionViewCell.xib */; };
		93FE12142CDA9C6000D674BC /* OnboardingPageControlCollectionViewCell.swift in Sources */ = {isa = PBXBuildFile; fileRef = 93FE12122CDA9C6000D674BC /* OnboardingPageControlCollectionViewCell.swift */; };
		93FE12152CDA9C6000D674BC /* OnboardingPageControlCollectionViewCell.xib in Resources */ = {isa = PBXBuildFile; fileRef = 93FE12132CDA9C6000D674BC /* OnboardingPageControlCollectionViewCell.xib */; };
		993CFE2E592DFCEE1AFD606B /* Pods_DailyTrackTestApp.framework in Frameworks */ = {isa = PBXBuildFile; fileRef = 016C9567490F9ADC683AD53D /* Pods_DailyTrackTestApp.framework */; };
/* End PBXBuildFile section */

/* Begin PBXFileReference section */
		016C9567490F9ADC683AD53D /* Pods_DailyTrackTestApp.framework */ = {isa = PBXFileReference; explicitFileType = wrapper.framework; includeInIndex = 0; path = Pods_DailyTrackTestApp.framework; sourceTree = BUILT_PRODUCTS_DIR; };
		704B0E02F5CD3273F6F4F5C2 /* Pods-DailyTrackTestApp.release.xcconfig */ = {isa = PBXFileReference; includeInIndex = 1; lastKnownFileType = text.xcconfig; name = "Pods-DailyTrackTestApp.release.xcconfig"; path = "Target Support Files/Pods-DailyTrackTestApp/Pods-DailyTrackTestApp.release.xcconfig"; sourceTree = "<group>"; };
		931AA3EB2CDBCFFD002B3FB9 /* Constants.swift */ = {isa = PBXFileReference; lastKnownFileType = sourcecode.swift; path = Constants.swift; sourceTree = "<group>"; };
		931AA3EE2CDBD1F1002B3FB9 /* NoCopyPasteTextView.swift */ = {isa = PBXFileReference; lastKnownFileType = sourcecode.swift; path = NoCopyPasteTextView.swift; sourceTree = "<group>"; };
		931C5CF92CDE1FD900D6802F /* TabbarViewController.swift */ = {isa = PBXFileReference; lastKnownFileType = sourcecode.swift; path = TabbarViewController.swift; sourceTree = "<group>"; };
		931C5CFA2CDE1FD900D6802F /* TabbarViewController.xib */ = {isa = PBXFileReference; lastKnownFileType = file.xib; path = TabbarViewController.xib; sourceTree = "<group>"; };
		931C5CFE2CDE20A000D6802F /* TabbarView.swift */ = {isa = PBXFileReference; lastKnownFileType = sourcecode.swift; path = TabbarView.swift; sourceTree = "<group>"; };
		931C5D002CDE20B500D6802F /* TabbarView.xib */ = {isa = PBXFileReference; lastKnownFileType = file.xib; path = TabbarView.xib; sourceTree = "<group>"; };
		9349FC482CDC41D40048E90B /* GoogleService-Info.plist */ = {isa = PBXFileReference; fileEncoding = 4; lastKnownFileType = text.plist.xml; name = "GoogleService-Info.plist"; path = "../../GoogleService-Info.plist"; sourceTree = "<group>"; };
		9350607C2CDCC1B100F62B89 /* ForgotPasswordViewController.swift */ = {isa = PBXFileReference; lastKnownFileType = sourcecode.swift; path = ForgotPasswordViewController.swift; sourceTree = "<group>"; };
		9350607D2CDCC1B100F62B89 /* ForgotPasswordViewController.xib */ = {isa = PBXFileReference; lastKnownFileType = file.xib; path = ForgotPasswordViewController.xib; sourceTree = "<group>"; };
		935060852CDCF92700F62B89 /* SurveyViewController.swift */ = {isa = PBXFileReference; lastKnownFileType = sourcecode.swift; path = SurveyViewController.swift; sourceTree = "<group>"; };
		935060862CDCF92700F62B89 /* SurveyViewController.xib */ = {isa = PBXFileReference; lastKnownFileType = file.xib; path = SurveyViewController.xib; sourceTree = "<group>"; };
		9350608A2CDD028300F62B89 /* SurveyCollectionViewCell.swift */ = {isa = PBXFileReference; lastKnownFileType = sourcecode.swift; path = SurveyCollectionViewCell.swift; sourceTree = "<group>"; };
		9350608B2CDD028300F62B89 /* SurveyCollectionViewCell.xib */ = {isa = PBXFileReference; lastKnownFileType = file.xib; path = SurveyCollectionViewCell.xib; sourceTree = "<group>"; };
		9360ECE62CDD1B4A0097D38C /* SurveyQuestionCollectionViewCell.swift */ = {isa = PBXFileReference; lastKnownFileType = sourcecode.swift; path = SurveyQuestionCollectionViewCell.swift; sourceTree = "<group>"; };
		9360ECE72CDD1B4A0097D38C /* SurveyQuestionCollectionViewCell.xib */ = {isa = PBXFileReference; lastKnownFileType = file.xib; path = SurveyQuestionCollectionViewCell.xib; sourceTree = "<group>"; };
		9360ECEA2CDD1F370097D38C /* QuestionCollectionViewCell.swift */ = {isa = PBXFileReference; lastKnownFileType = sourcecode.swift; path = QuestionCollectionViewCell.swift; sourceTree = "<group>"; };
		9360ECEB2CDD1F370097D38C /* QuestionCollectionViewCell.xib */ = {isa = PBXFileReference; lastKnownFileType = file.xib; path = QuestionCollectionViewCell.xib; sourceTree = "<group>"; };
		9360ECEF2CDD21600097D38C /* SurveyModel.swift */ = {isa = PBXFileReference; lastKnownFileType = sourcecode.swift; path = SurveyModel.swift; sourceTree = "<group>"; };
		936D7A492CDF6DFA0088723D /* UIView+Corner.swift */ = {isa = PBXFileReference; lastKnownFileType = sourcecode.swift; path = "UIView+Corner.swift"; sourceTree = "<group>"; };
		936D7A4C2CDFA3400088723D /* BadHabitViewController.swift */ = {isa = PBXFileReference; lastKnownFileType = sourcecode.swift; path = BadHabitViewController.swift; sourceTree = "<group>"; };
		936D7A4D2CDFA3400088723D /* BadHabitViewController.xib */ = {isa = PBXFileReference; lastKnownFileType = file.xib; path = BadHabitViewController.xib; sourceTree = "<group>"; };
		936D7A512CDFA3710088723D /* GoodHabitViewController.swift */ = {isa = PBXFileReference; lastKnownFileType = sourcecode.swift; path = GoodHabitViewController.swift; sourceTree = "<group>"; };
		936D7A522CDFA3710088723D /* GoodHabitViewController.xib */ = {isa = PBXFileReference; lastKnownFileType = file.xib; path = GoodHabitViewController.xib; sourceTree = "<group>"; };
		93E57D932CDBBB740049F41E /* TextField+Extension.swift */ = {isa = PBXFileReference; lastKnownFileType = sourcecode.swift; path = "TextField+Extension.swift"; sourceTree = "<group>"; };
		93FC73EA2CDF36F500F425C6 /* MenuViewController.swift */ = {isa = PBXFileReference; lastKnownFileType = sourcecode.swift; path = MenuViewController.swift; sourceTree = "<group>"; };
		93FC73EB2CDF36F500F425C6 /* MenuViewController.xib */ = {isa = PBXFileReference; lastKnownFileType = file.xib; path = MenuViewController.xib; sourceTree = "<group>"; };
		93FC73F12CDF375000F425C6 /* BookViewController.swift */ = {isa = PBXFileReference; lastKnownFileType = sourcecode.swift; path = BookViewController.swift; sourceTree = "<group>"; };
		93FC73F22CDF375000F425C6 /* BookViewController.xib */ = {isa = PBXFileReference; lastKnownFileType = file.xib; path = BookViewController.xib; sourceTree = "<group>"; };
		93FC73F62CDF376000F425C6 /* TimeViewController.swift */ = {isa = PBXFileReference; lastKnownFileType = sourcecode.swift; path = TimeViewController.swift; sourceTree = "<group>"; };
		93FC73F72CDF376000F425C6 /* TimeViewController.xib */ = {isa = PBXFileReference; lastKnownFileType = file.xib; path = TimeViewController.xib; sourceTree = "<group>"; };
		93FC73FA2CDF377700F425C6 /* StoreViewController.swift */ = {isa = PBXFileReference; lastKnownFileType = sourcecode.swift; path = StoreViewController.swift; sourceTree = "<group>"; };
		93FC73FB2CDF377700F425C6 /* StoreViewController.xib */ = {isa = PBXFileReference; lastKnownFileType = file.xib; path = StoreViewController.xib; sourceTree = "<group>"; };
		93FC73FF2CDF5E9600F425C6 /* AddHabitViewController.swift */ = {isa = PBXFileReference; lastKnownFileType = sourcecode.swift; path = AddHabitViewController.swift; sourceTree = "<group>"; };
		93FC74002CDF5E9600F425C6 /* AddHabitViewController.xib */ = {isa = PBXFileReference; lastKnownFileType = file.xib; path = AddHabitViewController.xib; sourceTree = "<group>"; };
		93FE11BA2CDA5B9200D674BC /* DailyTrackTestApp.app */ = {isa = PBXFileReference; explicitFileType = wrapper.application; includeInIndex = 0; path = DailyTrackTestApp.app; sourceTree = BUILT_PRODUCTS_DIR; };
		93FE11BD2CDA5B9200D674BC /* AppDelegate.swift */ = {isa = PBXFileReference; lastKnownFileType = sourcecode.swift; path = AppDelegate.swift; sourceTree = "<group>"; };
		93FE11BF2CDA5B9200D674BC /* SceneDelegate.swift */ = {isa = PBXFileReference; lastKnownFileType = sourcecode.swift; path = SceneDelegate.swift; sourceTree = "<group>"; };
		93FE11C12CDA5B9200D674BC /* ViewController.swift */ = {isa = PBXFileReference; lastKnownFileType = sourcecode.swift; path = ViewController.swift; sourceTree = "<group>"; };
		93FE11C42CDA5B9200D674BC /* Base */ = {isa = PBXFileReference; lastKnownFileType = file.storyboard; name = Base; path = Base.lproj/Main.storyboard; sourceTree = "<group>"; };
		93FE11C62CDA5B9300D674BC /* Assets.xcassets */ = {isa = PBXFileReference; lastKnownFileType = folder.assetcatalog; path = Assets.xcassets; sourceTree = "<group>"; };
		93FE11C92CDA5B9300D674BC /* Base */ = {isa = PBXFileReference; lastKnownFileType = file.storyboard; name = Base; path = Base.lproj/LaunchScreen.storyboard; sourceTree = "<group>"; };
		93FE11CB2CDA5B9300D674BC /* Info.plist */ = {isa = PBXFileReference; lastKnownFileType = text.plist.xml; path = Info.plist; sourceTree = "<group>"; };
		93FE11DE2CDA81EC00D674BC /* SplashViewController.swift */ = {isa = PBXFileReference; lastKnownFileType = sourcecode.swift; path = SplashViewController.swift; sourceTree = "<group>"; };
		93FE11DF2CDA81EC00D674BC /* SplashViewController.xib */ = {isa = PBXFileReference; lastKnownFileType = file.xib; path = SplashViewController.xib; sourceTree = "<group>"; };
		93FE11E32CDA880700D674BC /* DefaultStorage.swift */ = {isa = PBXFileReference; fileEncoding = 4; lastKnownFileType = sourcecode.swift; path = DefaultStorage.swift; sourceTree = "<group>"; };
		93FE11E72CDA880700D674BC /* Extension-TableViewRegister.swift */ = {isa = PBXFileReference; fileEncoding = 4; lastKnownFileType = sourcecode.swift; path = "Extension-TableViewRegister.swift"; sourceTree = "<group>"; };
		93FE11E82CDA880700D674BC /* Extension-UIAlert.swift */ = {isa = PBXFileReference; fileEncoding = 4; lastKnownFileType = sourcecode.swift; path = "Extension-UIAlert.swift"; sourceTree = "<group>"; };
		93FE11E92CDA880700D674BC /* UIBezierPath+createCurve.swift */ = {isa = PBXFileReference; fileEncoding = 4; lastKnownFileType = sourcecode.swift; path = "UIBezierPath+createCurve.swift"; sourceTree = "<group>"; };
		93FE11EA2CDA880700D674BC /* UIColor+Extension.swift */ = {isa = PBXFileReference; fileEncoding = 4; lastKnownFileType = sourcecode.swift; path = "UIColor+Extension.swift"; sourceTree = "<group>"; };
		93FE11EB2CDA880700D674BC /* UIImage+Extension.swift */ = {isa = PBXFileReference; fileEncoding = 4; lastKnownFileType = sourcecode.swift; path = "UIImage+Extension.swift"; sourceTree = "<group>"; };
		93FE11EC2CDA880700D674BC /* UIView+Border.swift */ = {isa = PBXFileReference; fileEncoding = 4; lastKnownFileType = sourcecode.swift; path = "UIView+Border.swift"; sourceTree = "<group>"; };
		93FE11ED2CDA880700D674BC /* UIView+Radius.swift */ = {isa = PBXFileReference; fileEncoding = 4; lastKnownFileType = sourcecode.swift; path = "UIView+Radius.swift"; sourceTree = "<group>"; };
		93FE11F82CDA885800D674BC /* LoginViewController.swift */ = {isa = PBXFileReference; lastKnownFileType = sourcecode.swift; path = LoginViewController.swift; sourceTree = "<group>"; };
		93FE11F92CDA885800D674BC /* LoginViewController.xib */ = {isa = PBXFileReference; lastKnownFileType = file.xib; path = LoginViewController.xib; sourceTree = "<group>"; };
		93FE11FC2CDA886A00D674BC /* SignUpViewController.swift */ = {isa = PBXFileReference; lastKnownFileType = sourcecode.swift; path = SignUpViewController.swift; sourceTree = "<group>"; };
		93FE11FD2CDA886A00D674BC /* SignUpViewController.xib */ = {isa = PBXFileReference; lastKnownFileType = file.xib; path = SignUpViewController.xib; sourceTree = "<group>"; };
		93FE12002CDA888D00D674BC /* HomeViewController.swift */ = {isa = PBXFileReference; lastKnownFileType = sourcecode.swift; path = HomeViewController.swift; sourceTree = "<group>"; };
		93FE12012CDA888D00D674BC /* HomeViewController.xib */ = {isa = PBXFileReference; lastKnownFileType = file.xib; path = HomeViewController.xib; sourceTree = "<group>"; };
		93FE12052CDA8A1700D674BC /* OnboardingViewController.swift */ = {isa = PBXFileReference; lastKnownFileType = sourcecode.swift; path = OnboardingViewController.swift; sourceTree = "<group>"; };
		93FE12062CDA8A1700D674BC /* OnboardingViewController.xib */ = {isa = PBXFileReference; lastKnownFileType = file.xib; path = OnboardingViewController.xib; sourceTree = "<group>"; };
		93FE120A2CDA94CC00D674BC /* OnBoardingModel.swift */ = {isa = PBXFileReference; lastKnownFileType = sourcecode.swift; path = OnBoardingModel.swift; sourceTree = "<group>"; };
		93FE120E2CDA96D800D674BC /* OnboardingCollectionViewCell.swift */ = {isa = PBXFileReference; lastKnownFileType = sourcecode.swift; path = OnboardingCollectionViewCell.swift; sourceTree = "<group>"; };
		93FE120F2CDA96D800D674BC /* OnboardingCollectionViewCell.xib */ = {isa = PBXFileReference; lastKnownFileType = file.xib; path = OnboardingCollectionViewCell.xib; sourceTree = "<group>"; };
		93FE12122CDA9C6000D674BC /* OnboardingPageControlCollectionViewCell.swift */ = {isa = PBXFileReference; lastKnownFileType = sourcecode.swift; path = OnboardingPageControlCollectionViewCell.swift; sourceTree = "<group>"; };
		93FE12132CDA9C6000D674BC /* OnboardingPageControlCollectionViewCell.xib */ = {isa = PBXFileReference; lastKnownFileType = file.xib; path = OnboardingPageControlCollectionViewCell.xib; sourceTree = "<group>"; };
		F26FEAEB4404483A93E013DC /* Pods-DailyTrackTestApp.debug.xcconfig */ = {isa = PBXFileReference; includeInIndex = 1; lastKnownFileType = text.xcconfig; name = "Pods-DailyTrackTestApp.debug.xcconfig"; path = "Target Support Files/Pods-DailyTrackTestApp/Pods-DailyTrackTestApp.debug.xcconfig"; sourceTree = "<group>"; };
/* End PBXFileReference section */

/* Begin PBXFrameworksBuildPhase section */
		93FE11B72CDA5B9200D674BC /* Frameworks */ = {
			isa = PBXFrameworksBuildPhase;
			buildActionMask = 2147483647;
			files = (
				993CFE2E592DFCEE1AFD606B /* Pods_DailyTrackTestApp.framework in Frameworks */,
			);
			runOnlyForDeploymentPostprocessing = 0;
		};
/* End PBXFrameworksBuildPhase section */

/* Begin PBXGroup section */
		5399C2E6B66A07A39B70D383 /* Pods */ = {
			isa = PBXGroup;
			children = (
				F26FEAEB4404483A93E013DC /* Pods-DailyTrackTestApp.debug.xcconfig */,
				704B0E02F5CD3273F6F4F5C2 /* Pods-DailyTrackTestApp.release.xcconfig */,
			);
			path = Pods;
			sourceTree = "<group>";
		};
		931AA3ED2CDBD1DE002B3FB9 /* NoCopyPasteTextView */ = {
			isa = PBXGroup;
			children = (
				931AA3EE2CDBD1F1002B3FB9 /* NoCopyPasteTextView.swift */,
			);
			path = NoCopyPasteTextView;
			sourceTree = "<group>";
		};
		931C5CFD2CDE204900D6802F /* TabbarView */ = {
			isa = PBXGroup;
			children = (
				931C5CFE2CDE20A000D6802F /* TabbarView.swift */,
				931C5D002CDE20B500D6802F /* TabbarView.xib */,
			);
			path = TabbarView;
			sourceTree = "<group>";
		};
		9350607B2CDCC17900F62B89 /* ForgotPasswordViewController */ = {
			isa = PBXGroup;
			children = (
				9350607C2CDCC1B100F62B89 /* ForgotPasswordViewController.swift */,
				9350607D2CDCC1B100F62B89 /* ForgotPasswordViewController.xib */,
			);
			path = ForgotPasswordViewController;
			sourceTree = "<group>";
		};
		935060842CDCF91400F62B89 /* SurveyViewController */ = {
			isa = PBXGroup;
			children = (
				935060852CDCF92700F62B89 /* SurveyViewController.swift */,
				935060862CDCF92700F62B89 /* SurveyViewController.xib */,
			);
			path = SurveyViewController;
			sourceTree = "<group>";
		};
		935060892CDD025F00F62B89 /* SurveyViewCell */ = {
			isa = PBXGroup;
			children = (
				9350608A2CDD028300F62B89 /* SurveyCollectionViewCell.swift */,
				9350608B2CDD028300F62B89 /* SurveyCollectionViewCell.xib */,
				9360ECE62CDD1B4A0097D38C /* SurveyQuestionCollectionViewCell.swift */,
				9360ECE72CDD1B4A0097D38C /* SurveyQuestionCollectionViewCell.xib */,
				9360ECEA2CDD1F370097D38C /* QuestionCollectionViewCell.swift */,
				9360ECEB2CDD1F370097D38C /* QuestionCollectionViewCell.xib */,
			);
			path = SurveyViewCell;
			sourceTree = "<group>";
		};
		9360ECEE2CDD21490097D38C /* SurveyModel */ = {
			isa = PBXGroup;
			children = (
				9360ECEF2CDD21600097D38C /* SurveyModel.swift */,
			);
			path = SurveyModel;
			sourceTree = "<group>";
		};
		936D7A4B2CDFA3220088723D /* BadHabitViewController */ = {
			isa = PBXGroup;
			children = (
				936D7A4C2CDFA3400088723D /* BadHabitViewController.swift */,
				936D7A4D2CDFA3400088723D /* BadHabitViewController.xib */,
			);
			path = BadHabitViewController;
			sourceTree = "<group>";
		};
		936D7A502CDFA34C0088723D /* GoodHabitViewController */ = {
			isa = PBXGroup;
			children = (
				936D7A512CDFA3710088723D /* GoodHabitViewController.swift */,
				936D7A522CDFA3710088723D /* GoodHabitViewController.xib */,
			);
			name = GoodHabitViewController;
			path = "GoodHabitViewControllẻ";
			sourceTree = "<group>";
		};
		93FC73E92CDF36D600F425C6 /* MenuViewController */ = {
			isa = PBXGroup;
			children = (
				93FC73EA2CDF36F500F425C6 /* MenuViewController.swift */,
				93FC73EB2CDF36F500F425C6 /* MenuViewController.xib */,
			);
			path = MenuViewController;
			sourceTree = "<group>";
		};
		93FC73EE2CDF370200F425C6 /* BookViewController */ = {
			isa = PBXGroup;
			children = (
				93FC73F12CDF375000F425C6 /* BookViewController.swift */,
				93FC73F22CDF375000F425C6 /* BookViewController.xib */,
			);
			path = BookViewController;
			sourceTree = "<group>";
		};
		93FC73EF2CDF371500F425C6 /* TimeViewController */ = {
			isa = PBXGroup;
			children = (
				93FC73F62CDF376000F425C6 /* TimeViewController.swift */,
				93FC73F72CDF376000F425C6 /* TimeViewController.xib */,
			);
			path = TimeViewController;
			sourceTree = "<group>";
		};
		93FC73F02CDF372100F425C6 /* StoreViewController */ = {
			isa = PBXGroup;
			children = (
				93FC73FA2CDF377700F425C6 /* StoreViewController.swift */,
				93FC73FB2CDF377700F425C6 /* StoreViewController.xib */,
			);
			path = StoreViewController;
			sourceTree = "<group>";
		};
		93FC73FE2CDF5E7D00F425C6 /* AddHabitViewController */ = {
			isa = PBXGroup;
			children = (
				936D7A502CDFA34C0088723D /* GoodHabitViewController */,
				936D7A4B2CDFA3220088723D /* BadHabitViewController */,
				93FC73FF2CDF5E9600F425C6 /* AddHabitViewController.swift */,
				93FC74002CDF5E9600F425C6 /* AddHabitViewController.xib */,
			);
			path = AddHabitViewController;
			sourceTree = "<group>";
		};
		93FE11B12CDA5B9200D674BC = {
			isa = PBXGroup;
			children = (
				93FE11BC2CDA5B9200D674BC /* DailyTrackTestApp */,
				93FE11BB2CDA5B9200D674BC /* Products */,
				5399C2E6B66A07A39B70D383 /* Pods */,
				F0445EADFBA4249E5BE4AA93 /* Frameworks */,
			);
			sourceTree = "<group>";
		};
		93FE11BB2CDA5B9200D674BC /* Products */ = {
			isa = PBXGroup;
			children = (
				93FE11BA2CDA5B9200D674BC /* DailyTrackTestApp.app */,
			);
			name = Products;
			sourceTree = "<group>";
		};
		93FE11BC2CDA5B9200D674BC /* DailyTrackTestApp */ = {
			isa = PBXGroup;
			children = (
				93FE120C2CDA96B100D674BC /* Cells */,
				93FE11E22CDA87E200D674BC /* Helper */,
				93FE11D82CDA816A00D674BC /* Model */,
				93FE11D72CDA816100D674BC /* Views */,
				93FE11D62CDA814D00D674BC /* Controllers */,
				93FE11D22CDA5D5100D674BC /* Resources */,
				93FE11CB2CDA5B9300D674BC /* Info.plist */,
				9349FC482CDC41D40048E90B /* GoogleService-Info.plist */,
			);
			path = DailyTrackTestApp;
			sourceTree = "<group>";
		};
		93FE11D22CDA5D5100D674BC /* Resources */ = {
			isa = PBXGroup;
			children = (
				93FE11BD2CDA5B9200D674BC /* AppDelegate.swift */,
				93FE11BF2CDA5B9200D674BC /* SceneDelegate.swift */,
				93FE11C12CDA5B9200D674BC /* ViewController.swift */,
				93FE11C32CDA5B9200D674BC /* Main.storyboard */,
				93FE11C62CDA5B9300D674BC /* Assets.xcassets */,
				93FE11C82CDA5B9300D674BC /* LaunchScreen.storyboard */,
			);
			path = Resources;
			sourceTree = "<group>";
		};
		93FE11D62CDA814D00D674BC /* Controllers */ = {
			isa = PBXGroup;
			children = (
				935060842CDCF91400F62B89 /* SurveyViewController */,
				93FE12042CDA89E100D674BC /* OnboardingViewController */,
				93FE11DD2CDA81BF00D674BC /* Tabbar */,
				93FE11DC2CDA81AB00D674BC /* HomeViewController */,
				93FE11DB2CDA819300D674BC /* SignUpViewController */,
				93FE11DA2CDA818100D674BC /* LoginViewController */,
				93FE11D92CDA817100D674BC /* SplashViewController */,
			);
			path = Controllers;
			sourceTree = "<group>";
		};
		93FE11D72CDA816100D674BC /* Views */ = {
			isa = PBXGroup;
			children = (
				931C5CFD2CDE204900D6802F /* TabbarView */,
				931AA3ED2CDBD1DE002B3FB9 /* NoCopyPasteTextView */,
			);
			path = Views;
			sourceTree = "<group>";
		};
		93FE11D82CDA816A00D674BC /* Model */ = {
			isa = PBXGroup;
			children = (
				9360ECEE2CDD21490097D38C /* SurveyModel */,
				93FE12092CDA94AA00D674BC /* OnboardingModel */,
			);
			path = Model;
			sourceTree = "<group>";
		};
		93FE11D92CDA817100D674BC /* SplashViewController */ = {
			isa = PBXGroup;
			children = (
				93FE11DE2CDA81EC00D674BC /* SplashViewController.swift */,
				93FE11DF2CDA81EC00D674BC /* SplashViewController.xib */,
			);
			path = SplashViewController;
			sourceTree = "<group>";
		};
		93FE11DA2CDA818100D674BC /* LoginViewController */ = {
			isa = PBXGroup;
			children = (
				9350607B2CDCC17900F62B89 /* ForgotPasswordViewController */,
				93FE11F82CDA885800D674BC /* LoginViewController.swift */,
				93FE11F92CDA885800D674BC /* LoginViewController.xib */,
			);
			path = LoginViewController;
			sourceTree = "<group>";
		};
		93FE11DB2CDA819300D674BC /* SignUpViewController */ = {
			isa = PBXGroup;
			children = (
				93FE11FC2CDA886A00D674BC /* SignUpViewController.swift */,
				93FE11FD2CDA886A00D674BC /* SignUpViewController.xib */,
			);
			path = SignUpViewController;
			sourceTree = "<group>";
		};
		93FE11DC2CDA81AB00D674BC /* HomeViewController */ = {
			isa = PBXGroup;
			children = (
				93FE12002CDA888D00D674BC /* HomeViewController.swift */,
				93FE12012CDA888D00D674BC /* HomeViewController.xib */,
			);
			name = HomeViewController;
			path = "HomeViewControllẻ";
			sourceTree = "<group>";
		};
		93FE11DD2CDA81BF00D674BC /* Tabbar */ = {
			isa = PBXGroup;
			children = (
				93FC73FE2CDF5E7D00F425C6 /* AddHabitViewController */,
				93FC73F02CDF372100F425C6 /* StoreViewController */,
				93FC73EF2CDF371500F425C6 /* TimeViewController */,
				93FC73EE2CDF370200F425C6 /* BookViewController */,
				93FC73E92CDF36D600F425C6 /* MenuViewController */,
				931C5CF92CDE1FD900D6802F /* TabbarViewController.swift */,
				931C5CFA2CDE1FD900D6802F /* TabbarViewController.xib */,
			);
			path = Tabbar;
			sourceTree = "<group>";
		};
		93FE11E22CDA87E200D674BC /* Helper */ = {
			isa = PBXGroup;
			children = (
				93FE11EE2CDA880700D674BC /* Extensions */,
				93FE11E62CDA880700D674BC /* Manager */,
				93FE11E42CDA880700D674BC /* Storage */,
				931AA3EB2CDBCFFD002B3FB9 /* Constants.swift */,
			);
			path = Helper;
			sourceTree = "<group>";
		};
		93FE11E42CDA880700D674BC /* Storage */ = {
			isa = PBXGroup;
			children = (
				93FE11E32CDA880700D674BC /* DefaultStorage.swift */,
			);
			path = Storage;
			sourceTree = "<group>";
		};
		93FE11E62CDA880700D674BC /* Manager */ = {
			isa = PBXGroup;
			children = (
			);
			path = Manager;
			sourceTree = "<group>";
		};
		93FE11EE2CDA880700D674BC /* Extensions */ = {
			isa = PBXGroup;
			children = (
				93FE11E72CDA880700D674BC /* Extension-TableViewRegister.swift */,
				93FE11E82CDA880700D674BC /* Extension-UIAlert.swift */,
				93FE11E92CDA880700D674BC /* UIBezierPath+createCurve.swift */,
				93FE11EA2CDA880700D674BC /* UIColor+Extension.swift */,
				93FE11EB2CDA880700D674BC /* UIImage+Extension.swift */,
				93FE11EC2CDA880700D674BC /* UIView+Border.swift */,
				93FE11ED2CDA880700D674BC /* UIView+Radius.swift */,
				93E57D932CDBBB740049F41E /* TextField+Extension.swift */,
				936D7A492CDF6DFA0088723D /* UIView+Corner.swift */,
			);
			path = Extensions;
			sourceTree = "<group>";
		};
		93FE12042CDA89E100D674BC /* OnboardingViewController */ = {
			isa = PBXGroup;
			children = (
				93FE12052CDA8A1700D674BC /* OnboardingViewController.swift */,
				93FE12062CDA8A1700D674BC /* OnboardingViewController.xib */,
			);
			path = OnboardingViewController;
			sourceTree = "<group>";
		};
		93FE12092CDA94AA00D674BC /* OnboardingModel */ = {
			isa = PBXGroup;
			children = (
				93FE120A2CDA94CC00D674BC /* OnBoardingModel.swift */,
			);
			path = OnboardingModel;
			sourceTree = "<group>";
		};
		93FE120C2CDA96B100D674BC /* Cells */ = {
			isa = PBXGroup;
			children = (
				935060892CDD025F00F62B89 /* SurveyViewCell */,
				93FE120D2CDA96BB00D674BC /* OnboardingCell */,
			);
			path = Cells;
			sourceTree = "<group>";
		};
		93FE120D2CDA96BB00D674BC /* OnboardingCell */ = {
			isa = PBXGroup;
			children = (
				93FE120E2CDA96D800D674BC /* OnboardingCollectionViewCell.swift */,
				93FE120F2CDA96D800D674BC /* OnboardingCollectionViewCell.xib */,
				93FE12122CDA9C6000D674BC /* OnboardingPageControlCollectionViewCell.swift */,
				93FE12132CDA9C6000D674BC /* OnboardingPageControlCollectionViewCell.xib */,
			);
			path = OnboardingCell;
			sourceTree = "<group>";
		};
		F0445EADFBA4249E5BE4AA93 /* Frameworks */ = {
			isa = PBXGroup;
			children = (
				016C9567490F9ADC683AD53D /* Pods_DailyTrackTestApp.framework */,
			);
			name = Frameworks;
			sourceTree = "<group>";
		};
/* End PBXGroup section */

/* Begin PBXNativeTarget section */
		93FE11B92CDA5B9200D674BC /* DailyTrackTestApp */ = {
			isa = PBXNativeTarget;
			buildConfigurationList = 93FE11CE2CDA5B9300D674BC /* Build configuration list for PBXNativeTarget "DailyTrackTestApp" */;
			buildPhases = (
				C584E454D2D9B644C33D75E1 /* [CP] Check Pods Manifest.lock */,
				93FE11B62CDA5B9200D674BC /* Sources */,
				93FE11B72CDA5B9200D674BC /* Frameworks */,
				93FE11B82CDA5B9200D674BC /* Resources */,
				1108ECAF1A689C710078A5D4 /* [CP] Embed Pods Frameworks */,
			);
			buildRules = (
			);
			dependencies = (
			);
			name = DailyTrackTestApp;
			productName = DailyTrackTestApp;
			productReference = 93FE11BA2CDA5B9200D674BC /* DailyTrackTestApp.app */;
			productType = "com.apple.product-type.application";
		};
/* End PBXNativeTarget section */

/* Begin PBXProject section */
		93FE11B22CDA5B9200D674BC /* Project object */ = {
			isa = PBXProject;
			attributes = {
				BuildIndependentTargetsInParallel = 1;
				LastSwiftUpdateCheck = 1540;
				LastUpgradeCheck = 1540;
				TargetAttributes = {
					93FE11B92CDA5B9200D674BC = {
						CreatedOnToolsVersion = 15.4;
					};
				};
			};
			buildConfigurationList = 93FE11B52CDA5B9200D674BC /* Build configuration list for PBXProject "DailyTrackTestApp" */;
			compatibilityVersion = "Xcode 14.0";
			developmentRegion = en;
			hasScannedForEncodings = 0;
			knownRegions = (
				en,
				Base,
			);
			mainGroup = 93FE11B12CDA5B9200D674BC;
			productRefGroup = 93FE11BB2CDA5B9200D674BC /* Products */;
			projectDirPath = "";
			projectRoot = "";
			targets = (
				93FE11B92CDA5B9200D674BC /* DailyTrackTestApp */,
			);
		};
/* End PBXProject section */

/* Begin PBXResourcesBuildPhase section */
		93FE11B82CDA5B9200D674BC /* Resources */ = {
			isa = PBXResourcesBuildPhase;
			buildActionMask = 2147483647;
			files = (
				9360ECE82CDD1B4A0097D38C /* SurveyQuestionCollectionViewCell.xib in Resources */,
				9350608D2CDD028300F62B89 /* SurveyCollectionViewCell.xib in Resources */,
				936D7A532CDFA3710088723D /* GoodHabitViewController.xib in Resources */,
				9350607E2CDCC1B100F62B89 /* ForgotPasswordViewController.xib in Resources */,
				93FE12152CDA9C6000D674BC /* OnboardingPageControlCollectionViewCell.xib in Resources */,
				93FC73F92CDF376000F425C6 /* TimeViewController.xib in Resources */,
				931C5D012CDE20B500D6802F /* TabbarView.xib in Resources */,
				93FE11FB2CDA885800D674BC /* LoginViewController.xib in Resources */,
				93FE11C72CDA5B9300D674BC /* Assets.xcassets in Resources */,
				93FE11CA2CDA5B9300D674BC /* Base in Resources */,
				936D7A4E2CDFA3400088723D /* BadHabitViewController.xib in Resources */,
				931C5CFC2CDE1FD900D6802F /* TabbarViewController.xib in Resources */,
				93FE11C52CDA5B9200D674BC /* Base in Resources */,
				93FE11FF2CDA886A00D674BC /* SignUpViewController.xib in Resources */,
				93FE12112CDA96D800D674BC /* OnboardingCollectionViewCell.xib in Resources */,
				93FE12032CDA888D00D674BC /* HomeViewController.xib in Resources */,
				93FC74022CDF5E9600F425C6 /* AddHabitViewController.xib in Resources */,
				9349FC492CDC41D40048E90B /* GoogleService-Info.plist in Resources */,
				93FE11E12CDA81EC00D674BC /* SplashViewController.xib in Resources */,
				93FC73FD2CDF377700F425C6 /* StoreViewController.xib in Resources */,
				935060882CDCF92700F62B89 /* SurveyViewController.xib in Resources */,
				93FC73ED2CDF36F500F425C6 /* MenuViewController.xib in Resources */,
				93FC73F42CDF375000F425C6 /* BookViewController.xib in Resources */,
				9360ECEC2CDD1F370097D38C /* QuestionCollectionViewCell.xib in Resources */,
				93FE12082CDA8A1700D674BC /* OnboardingViewController.xib in Resources */,
			);
			runOnlyForDeploymentPostprocessing = 0;
		};
/* End PBXResourcesBuildPhase section */

/* Begin PBXShellScriptBuildPhase section */
		1108ECAF1A689C710078A5D4 /* [CP] Embed Pods Frameworks */ = {
			isa = PBXShellScriptBuildPhase;
			buildActionMask = 2147483647;
			files = (
			);
			inputFileListPaths = (
				"${PODS_ROOT}/Target Support Files/Pods-DailyTrackTestApp/Pods-DailyTrackTestApp-frameworks-${CONFIGURATION}-input-files.xcfilelist",
			);
			name = "[CP] Embed Pods Frameworks";
			outputFileListPaths = (
				"${PODS_ROOT}/Target Support Files/Pods-DailyTrackTestApp/Pods-DailyTrackTestApp-frameworks-${CONFIGURATION}-output-files.xcfilelist",
			);
			runOnlyForDeploymentPostprocessing = 0;
			shellPath = /bin/sh;
			shellScript = "\"${PODS_ROOT}/Target Support Files/Pods-DailyTrackTestApp/Pods-DailyTrackTestApp-frameworks.sh\"\n";
			showEnvVarsInLog = 0;
		};
		C584E454D2D9B644C33D75E1 /* [CP] Check Pods Manifest.lock */ = {
			isa = PBXShellScriptBuildPhase;
			buildActionMask = 2147483647;
			files = (
			);
			inputFileListPaths = (
			);
			inputPaths = (
				"${PODS_PODFILE_DIR_PATH}/Podfile.lock",
				"${PODS_ROOT}/Manifest.lock",
			);
			name = "[CP] Check Pods Manifest.lock";
			outputFileListPaths = (
			);
			outputPaths = (
				"$(DERIVED_FILE_DIR)/Pods-DailyTrackTestApp-checkManifestLockResult.txt",
			);
			runOnlyForDeploymentPostprocessing = 0;
			shellPath = /bin/sh;
			shellScript = "diff \"${PODS_PODFILE_DIR_PATH}/Podfile.lock\" \"${PODS_ROOT}/Manifest.lock\" > /dev/null\nif [ $? != 0 ] ; then\n    # print error to STDERR\n    echo \"error: The sandbox is not in sync with the Podfile.lock. Run 'pod install' or update your CocoaPods installation.\" >&2\n    exit 1\nfi\n# This output is used by Xcode 'outputs' to avoid re-running this script phase.\necho \"SUCCESS\" > \"${SCRIPT_OUTPUT_FILE_0}\"\n";
			showEnvVarsInLog = 0;
		};
/* End PBXShellScriptBuildPhase section */

/* Begin PBXSourcesBuildPhase section */
		93FE11B62CDA5B9200D674BC /* Sources */ = {
			isa = PBXSourcesBuildPhase;
			buildActionMask = 2147483647;
			files = (
				93FE120B2CDA94CC00D674BC /* OnBoardingModel.swift in Sources */,
				9350607F2CDCC1B100F62B89 /* ForgotPasswordViewController.swift in Sources */,
				93FE11F32CDA880700D674BC /* UIBezierPath+createCurve.swift in Sources */,
				93FE11C22CDA5B9200D674BC /* ViewController.swift in Sources */,
				9360ECED2CDD1F370097D38C /* QuestionCollectionViewCell.swift in Sources */,
				931C5CFB2CDE1FD900D6802F /* TabbarViewController.swift in Sources */,
				93FE11F22CDA880700D674BC /* Extension-UIAlert.swift in Sources */,
				93FC73EC2CDF36F500F425C6 /* MenuViewController.swift in Sources */,
				93FE11BE2CDA5B9200D674BC /* AppDelegate.swift in Sources */,
				93FE11C02CDA5B9200D674BC /* SceneDelegate.swift in Sources */,
				93FE12022CDA888D00D674BC /* HomeViewController.swift in Sources */,
				93FE11F72CDA880700D674BC /* UIView+Radius.swift in Sources */,
				93FE11EF2CDA880700D674BC /* DefaultStorage.swift in Sources */,
				9360ECF02CDD21600097D38C /* SurveyModel.swift in Sources */,
				935060872CDCF92700F62B89 /* SurveyViewController.swift in Sources */,
				93FE11F12CDA880700D674BC /* Extension-TableViewRegister.swift in Sources */,
				93FC73F82CDF376000F425C6 /* TimeViewController.swift in Sources */,
				93FE11FE2CDA886A00D674BC /* SignUpViewController.swift in Sources */,
				9350608C2CDD028300F62B89 /* SurveyCollectionViewCell.swift in Sources */,
				936D7A4A2CDF6DFA0088723D /* UIView+Corner.swift in Sources */,
				931AA3EC2CDBCFFD002B3FB9 /* Constants.swift in Sources */,
				931C5CFF2CDE20A000D6802F /* TabbarView.swift in Sources */,
				93FE11F62CDA880700D674BC /* UIView+Border.swift in Sources */,
				93FC73FC2CDF377700F425C6 /* StoreViewController.swift in Sources */,
				93FE12072CDA8A1700D674BC /* OnboardingViewController.swift in Sources */,
				93FE11E02CDA81EC00D674BC /* SplashViewController.swift in Sources */,
				93FE11F52CDA880700D674BC /* UIImage+Extension.swift in Sources */,
				93FE11FA2CDA885800D674BC /* LoginViewController.swift in Sources */,
				93FC74012CDF5E9600F425C6 /* AddHabitViewController.swift in Sources */,
				931AA3EF2CDBD1F1002B3FB9 /* NoCopyPasteTextView.swift in Sources */,
				936D7A542CDFA3710088723D /* GoodHabitViewController.swift in Sources */,
				93FE11F42CDA880700D674BC /* UIColor+Extension.swift in Sources */,
				9360ECE92CDD1B4A0097D38C /* SurveyQuestionCollectionViewCell.swift in Sources */,
				93E57D942CDBBB740049F41E /* TextField+Extension.swift in Sources */,
				936D7A4F2CDFA3400088723D /* BadHabitViewController.swift in Sources */,
				93FC73F32CDF375000F425C6 /* BookViewController.swift in Sources */,
				93FE12142CDA9C6000D674BC /* OnboardingPageControlCollectionViewCell.swift in Sources */,
				93FE12102CDA96D800D674BC /* OnboardingCollectionViewCell.swift in Sources */,
			);
			runOnlyForDeploymentPostprocessing = 0;
		};
/* End PBXSourcesBuildPhase section */

/* Begin PBXVariantGroup section */
		93FE11C32CDA5B9200D674BC /* Main.storyboard */ = {
			isa = PBXVariantGroup;
			children = (
				93FE11C42CDA5B9200D674BC /* Base */,
			);
			name = Main.storyboard;
			sourceTree = "<group>";
		};
		93FE11C82CDA5B9300D674BC /* LaunchScreen.storyboard */ = {
			isa = PBXVariantGroup;
			children = (
				93FE11C92CDA5B9300D674BC /* Base */,
			);
			name = LaunchScreen.storyboard;
			sourceTree = "<group>";
		};
/* End PBXVariantGroup section */

/* Begin XCBuildConfiguration section */
		93FE11CC2CDA5B9300D674BC /* Debug */ = {
			isa = XCBuildConfiguration;
			buildSettings = {
				ALWAYS_SEARCH_USER_PATHS = NO;
				ASSETCATALOG_COMPILER_GENERATE_SWIFT_ASSET_SYMBOL_EXTENSIONS = YES;
				CLANG_ANALYZER_NONNULL = YES;
				CLANG_ANALYZER_NUMBER_OBJECT_CONVERSION = YES_AGGRESSIVE;
				CLANG_CXX_LANGUAGE_STANDARD = "gnu++20";
				CLANG_ENABLE_MODULES = YES;
				CLANG_ENABLE_OBJC_ARC = YES;
				CLANG_ENABLE_OBJC_WEAK = YES;
				CLANG_WARN_BLOCK_CAPTURE_AUTORELEASING = YES;
				CLANG_WARN_BOOL_CONVERSION = YES;
				CLANG_WARN_COMMA = YES;
				CLANG_WARN_CONSTANT_CONVERSION = YES;
				CLANG_WARN_DEPRECATED_OBJC_IMPLEMENTATIONS = YES;
				CLANG_WARN_DIRECT_OBJC_ISA_USAGE = YES_ERROR;
				CLANG_WARN_DOCUMENTATION_COMMENTS = YES;
				CLANG_WARN_EMPTY_BODY = YES;
				CLANG_WARN_ENUM_CONVERSION = YES;
				CLANG_WARN_INFINITE_RECURSION = YES;
				CLANG_WARN_INT_CONVERSION = YES;
				CLANG_WARN_NON_LITERAL_NULL_CONVERSION = YES;
				CLANG_WARN_OBJC_IMPLICIT_RETAIN_SELF = YES;
				CLANG_WARN_OBJC_LITERAL_CONVERSION = YES;
				CLANG_WARN_OBJC_ROOT_CLASS = YES_ERROR;
				CLANG_WARN_QUOTED_INCLUDE_IN_FRAMEWORK_HEADER = YES;
				CLANG_WARN_RANGE_LOOP_ANALYSIS = YES;
				CLANG_WARN_STRICT_PROTOTYPES = YES;
				CLANG_WARN_SUSPICIOUS_MOVE = YES;
				CLANG_WARN_UNGUARDED_AVAILABILITY = YES_AGGRESSIVE;
				CLANG_WARN_UNREACHABLE_CODE = YES;
				CLANG_WARN__DUPLICATE_METHOD_MATCH = YES;
				COPY_PHASE_STRIP = NO;
				DEBUG_INFORMATION_FORMAT = dwarf;
				ENABLE_STRICT_OBJC_MSGSEND = YES;
				ENABLE_TESTABILITY = YES;
				ENABLE_USER_SCRIPT_SANDBOXING = YES;
				GCC_C_LANGUAGE_STANDARD = gnu17;
				GCC_DYNAMIC_NO_PIC = NO;
				GCC_NO_COMMON_BLOCKS = YES;
				GCC_OPTIMIZATION_LEVEL = 0;
				GCC_PREPROCESSOR_DEFINITIONS = (
					"DEBUG=1",
					"$(inherited)",
				);
				GCC_WARN_64_TO_32_BIT_CONVERSION = YES;
				GCC_WARN_ABOUT_RETURN_TYPE = YES_ERROR;
				GCC_WARN_UNDECLARED_SELECTOR = YES;
				GCC_WARN_UNINITIALIZED_AUTOS = YES_AGGRESSIVE;
				GCC_WARN_UNUSED_FUNCTION = YES;
				GCC_WARN_UNUSED_VARIABLE = YES;
				IPHONEOS_DEPLOYMENT_TARGET = 16.0;
				LOCALIZATION_PREFERS_STRING_CATALOGS = YES;
				MTL_ENABLE_DEBUG_INFO = INCLUDE_SOURCE;
				MTL_FAST_MATH = YES;
				ONLY_ACTIVE_ARCH = YES;
				SDKROOT = iphoneos;
				SWIFT_ACTIVE_COMPILATION_CONDITIONS = "DEBUG $(inherited)";
				SWIFT_OPTIMIZATION_LEVEL = "-Onone";
			};
			name = Debug;
		};
		93FE11CD2CDA5B9300D674BC /* Release */ = {
			isa = XCBuildConfiguration;
			buildSettings = {
				ALWAYS_SEARCH_USER_PATHS = NO;
				ASSETCATALOG_COMPILER_GENERATE_SWIFT_ASSET_SYMBOL_EXTENSIONS = YES;
				CLANG_ANALYZER_NONNULL = YES;
				CLANG_ANALYZER_NUMBER_OBJECT_CONVERSION = YES_AGGRESSIVE;
				CLANG_CXX_LANGUAGE_STANDARD = "gnu++20";
				CLANG_ENABLE_MODULES = YES;
				CLANG_ENABLE_OBJC_ARC = YES;
				CLANG_ENABLE_OBJC_WEAK = YES;
				CLANG_WARN_BLOCK_CAPTURE_AUTORELEASING = YES;
				CLANG_WARN_BOOL_CONVERSION = YES;
				CLANG_WARN_COMMA = YES;
				CLANG_WARN_CONSTANT_CONVERSION = YES;
				CLANG_WARN_DEPRECATED_OBJC_IMPLEMENTATIONS = YES;
				CLANG_WARN_DIRECT_OBJC_ISA_USAGE = YES_ERROR;
				CLANG_WARN_DOCUMENTATION_COMMENTS = YES;
				CLANG_WARN_EMPTY_BODY = YES;
				CLANG_WARN_ENUM_CONVERSION = YES;
				CLANG_WARN_INFINITE_RECURSION = YES;
				CLANG_WARN_INT_CONVERSION = YES;
				CLANG_WARN_NON_LITERAL_NULL_CONVERSION = YES;
				CLANG_WARN_OBJC_IMPLICIT_RETAIN_SELF = YES;
				CLANG_WARN_OBJC_LITERAL_CONVERSION = YES;
				CLANG_WARN_OBJC_ROOT_CLASS = YES_ERROR;
				CLANG_WARN_QUOTED_INCLUDE_IN_FRAMEWORK_HEADER = YES;
				CLANG_WARN_RANGE_LOOP_ANALYSIS = YES;
				CLANG_WARN_STRICT_PROTOTYPES = YES;
				CLANG_WARN_SUSPICIOUS_MOVE = YES;
				CLANG_WARN_UNGUARDED_AVAILABILITY = YES_AGGRESSIVE;
				CLANG_WARN_UNREACHABLE_CODE = YES;
				CLANG_WARN__DUPLICATE_METHOD_MATCH = YES;
				COPY_PHASE_STRIP = NO;
				DEBUG_INFORMATION_FORMAT = "dwarf-with-dsym";
				ENABLE_NS_ASSERTIONS = NO;
				ENABLE_STRICT_OBJC_MSGSEND = YES;
				ENABLE_USER_SCRIPT_SANDBOXING = YES;
				GCC_C_LANGUAGE_STANDARD = gnu17;
				GCC_NO_COMMON_BLOCKS = YES;
				GCC_WARN_64_TO_32_BIT_CONVERSION = YES;
				GCC_WARN_ABOUT_RETURN_TYPE = YES_ERROR;
				GCC_WARN_UNDECLARED_SELECTOR = YES;
				GCC_WARN_UNINITIALIZED_AUTOS = YES_AGGRESSIVE;
				GCC_WARN_UNUSED_FUNCTION = YES;
				GCC_WARN_UNUSED_VARIABLE = YES;
				IPHONEOS_DEPLOYMENT_TARGET = 16.0;
				LOCALIZATION_PREFERS_STRING_CATALOGS = YES;
				MTL_ENABLE_DEBUG_INFO = NO;
				MTL_FAST_MATH = YES;
				SDKROOT = iphoneos;
				SWIFT_COMPILATION_MODE = wholemodule;
				VALIDATE_PRODUCT = YES;
			};
			name = Release;
		};
		93FE11CF2CDA5B9300D674BC /* Debug */ = {
			isa = XCBuildConfiguration;
			baseConfigurationReference = F26FEAEB4404483A93E013DC /* Pods-DailyTrackTestApp.debug.xcconfig */;
			buildSettings = {
				ASSETCATALOG_COMPILER_APPICON_NAME = AppIcon;
				ASSETCATALOG_COMPILER_GLOBAL_ACCENT_COLOR_NAME = AccentColor;
				CODE_SIGN_STYLE = Automatic;
				CURRENT_PROJECT_VERSION = 1;
				DEVELOPMENT_TEAM = FV28B8RLX9;
				ENABLE_USER_SCRIPT_SANDBOXING = NO;
				GENERATE_INFOPLIST_FILE = YES;
				INFOPLIST_FILE = DailyTrackTestApp/Info.plist;
				INFOPLIST_KEY_UIApplicationSupportsIndirectInputEvents = YES;
				INFOPLIST_KEY_UILaunchStoryboardName = LaunchScreen;
				INFOPLIST_KEY_UIMainStoryboardFile = Main;
				INFOPLIST_KEY_UISupportedInterfaceOrientations_iPad = "UIInterfaceOrientationPortrait UIInterfaceOrientationPortraitUpsideDown UIInterfaceOrientationLandscapeLeft UIInterfaceOrientationLandscapeRight";
				INFOPLIST_KEY_UISupportedInterfaceOrientations_iPhone = "UIInterfaceOrientationPortrait UIInterfaceOrientationLandscapeLeft UIInterfaceOrientationLandscapeRight";
				LD_RUNPATH_SEARCH_PATHS = (
					"$(inherited)",
					"@executable_path/Frameworks",
				);
				MARKETING_VERSION = 1.0;
				PRODUCT_BUNDLE_IDENTIFIER = com.yourcompany.DailyTrackTestApp;
				PRODUCT_NAME = "$(TARGET_NAME)";
				SWIFT_EMIT_LOC_STRINGS = YES;
				SWIFT_VERSION = 5.0;
				TARGETED_DEVICE_FAMILY = "1,2";
			};
			name = Debug;
		};
		93FE11D02CDA5B9300D674BC /* Release */ = {
			isa = XCBuildConfiguration;
			baseConfigurationReference = 704B0E02F5CD3273F6F4F5C2 /* Pods-DailyTrackTestApp.release.xcconfig */;
			buildSettings = {
				ASSETCATALOG_COMPILER_APPICON_NAME = AppIcon;
				ASSETCATALOG_COMPILER_GLOBAL_ACCENT_COLOR_NAME = AccentColor;
				CODE_SIGN_STYLE = Automatic;
				CURRENT_PROJECT_VERSION = 1;
				DEVELOPMENT_TEAM = FV28B8RLX9;
				ENABLE_USER_SCRIPT_SANDBOXING = NO;
				GENERATE_INFOPLIST_FILE = YES;
				INFOPLIST_FILE = DailyTrackTestApp/Info.plist;
				INFOPLIST_KEY_UIApplicationSupportsIndirectInputEvents = YES;
				INFOPLIST_KEY_UILaunchStoryboardName = LaunchScreen;
				INFOPLIST_KEY_UIMainStoryboardFile = Main;
				INFOPLIST_KEY_UISupportedInterfaceOrientations_iPad = "UIInterfaceOrientationPortrait UIInterfaceOrientationPortraitUpsideDown UIInterfaceOrientationLandscapeLeft UIInterfaceOrientationLandscapeRight";
				INFOPLIST_KEY_UISupportedInterfaceOrientations_iPhone = "UIInterfaceOrientationPortrait UIInterfaceOrientationLandscapeLeft UIInterfaceOrientationLandscapeRight";
				LD_RUNPATH_SEARCH_PATHS = (
					"$(inherited)",
					"@executable_path/Frameworks",
				);
				MARKETING_VERSION = 1.0;
				PRODUCT_BUNDLE_IDENTIFIER = com.yourcompany.DailyTrackTestApp;
				PRODUCT_NAME = "$(TARGET_NAME)";
				SWIFT_EMIT_LOC_STRINGS = YES;
				SWIFT_VERSION = 5.0;
				TARGETED_DEVICE_FAMILY = "1,2";
			};
			name = Release;
		};
/* End XCBuildConfiguration section */

/* Begin XCConfigurationList section */
		93FE11B52CDA5B9200D674BC /* Build configuration list for PBXProject "DailyTrackTestApp" */ = {
			isa = XCConfigurationList;
			buildConfigurations = (
				93FE11CC2CDA5B9300D674BC /* Debug */,
				93FE11CD2CDA5B9300D674BC /* Release */,
			);
			defaultConfigurationIsVisible = 0;
			defaultConfigurationName = Release;
		};
		93FE11CE2CDA5B9300D674BC /* Build configuration list for PBXNativeTarget "DailyTrackTestApp" */ = {
			isa = XCConfigurationList;
			buildConfigurations = (
				93FE11CF2CDA5B9300D674BC /* Debug */,
				93FE11D02CDA5B9300D674BC /* Release */,
			);
			defaultConfigurationIsVisible = 0;
			defaultConfigurationName = Release;
		};
/* End XCConfigurationList section */
	};
	rootObject = 93FE11B22CDA5B9200D674BC /* Project object */;
}
