// !$*UTF8*$!
{
	archiveVersion = 1;
	classes = {
	};
	objectVersion = 56;
	objects = {

/* Begin PBXBuildFile section */
		93FE11BE2CDA5B9200D674BC /* AppDelegate.swift in Sources */ = {isa = PBXBuildFile; fileRef = 93FE11BD2CDA5B9200D674BC /* AppDelegate.swift */; };
		93FE11C02CDA5B9200D674BC /* SceneDelegate.swift in Sources */ = {isa = PBXBuildFile; fileRef = 93FE11BF2CDA5B9200D674BC /* SceneDelegate.swift */; };
		93FE11C22CDA5B9200D674BC /* ViewController.swift in Sources */ = {isa = PBXBuildFile; fileRef = 93FE11C12CDA5B9200D674BC /* ViewController.swift */; };
		93FE11C52CDA5B9200D674BC /* Base in Resources */ = {isa = PBXBuildFile; fileRef = 93FE11C42CDA5B9200D674BC /* Base */; };
		93FE11C72CDA5B9300D674BC /* Assets.xcassets in Resources */ = {isa = PBXBuildFile; fileRef = 93FE11C62CDA5B9300D674BC /* Assets.xcassets */; };
		93FE11CA2CDA5B9300D674BC /* Base in Resources */ = {isa = PBXBuildFile; fileRef = 93FE11C92CDA5B9300D674BC /* Base */; };
		93FE11E02CDA81EC00D674BC /* SplashViewController.swift in Sources */ = {isa = PBXBuildFile; fileRef = 93FE11DE2CDA81EC00D674BC /* SplashViewController.swift */; };
		93FE11E12CDA81EC00D674BC /* SplashViewController.xib in Resources */ = {isa = PBXBuildFile; fileRef = 93FE11DF2CDA81EC00D674BC /* SplashViewController.xib */; };
		993CFE2E592DFCEE1AFD606B /* Pods_DailyTrackTestApp.framework in Frameworks */ = {isa = PBXBuildFile; fileRef = 016C9567490F9ADC683AD53D /* Pods_DailyTrackTestApp.framework */; };
/* End PBXBuildFile section */

/* Begin PBXFileReference section */
		016C9567490F9ADC683AD53D /* Pods_DailyTrackTestApp.framework */ = {isa = PBXFileReference; explicitFileType = wrapper.framework; includeInIndex = 0; path = Pods_DailyTrackTestApp.framework; sourceTree = BUILT_PRODUCTS_DIR; };
		704B0E02F5CD3273F6F4F5C2 /* Pods-DailyTrackTestApp.release.xcconfig */ = {isa = PBXFileReference; includeInIndex = 1; lastKnownFileType = text.xcconfig; name = "Pods-DailyTrackTestApp.release.xcconfig"; path = "Target Support Files/Pods-DailyTrackTestApp/Pods-DailyTrackTestApp.release.xcconfig"; sourceTree = "<group>"; };
		93FE11BA2CDA5B9200D674BC /* DailyTrackTestApp.app */ = {isa = PBXFileReference; explicitFileType = wrapper.application; includeInIndex = 0; path = DailyTrackTestApp.app; sourceTree = BUILT_PRODUCTS_DIR; };
		93FE11BD2CDA5B9200D674BC /* AppDelegate.swift */ = {isa = PBXFileReference; lastKnownFileType = sourcecode.swift; path = AppDelegate.swift; sourceTree = "<group>"; };
		93FE11BF2CDA5B9200D674BC /* SceneDelegate.swift */ = {isa = PBXFileReference; lastKnownFileType = sourcecode.swift; path = SceneDelegate.swift; sourceTree = "<group>"; };
		93FE11C12CDA5B9200D674BC /* ViewController.swift */ = {isa = PBXFileReference; lastKnownFileType = sourcecode.swift; path = ViewController.swift; sourceTree = "<group>"; };
		93FE11C42CDA5B9200D674BC /* Base */ = {isa = PBXFileReference; lastKnownFileType = file.storyboard; name = Base; path = Base.lproj/Main.storyboard; sourceTree = "<group>"; };
		93FE11C62CDA5B9300D674BC /* Assets.xcassets */ = {isa = PBXFileReference; lastKnownFileType = folder.assetcatalog; path = Assets.xcassets; sourceTree = "<group>"; };
		93FE11C92CDA5B9300D674BC /* Base */ = {isa = PBXFileReference; lastKnownFileType = file.storyboard; name = Base; path = Base.lproj/LaunchScreen.storyboard; sourceTree = "<group>"; };
		93FE11CB2CDA5B9300D674BC /* Info.plist */ = {isa = PBXFileReference; lastKnownFileType = text.plist.xml; path = Info.plist; sourceTree = "<group>"; };
		93FE11DE2CDA81EC00D674BC /* SplashViewController.swift */ = {isa = PBXFileReference; lastKnownFileType = sourcecode.swift; path = SplashViewController.swift; sourceTree = "<group>"; };
		93FE11DF2CDA81EC00D674BC /* SplashViewController.xib */ = {isa = PBXFileReference; lastKnownFileType = file.xib; path = SplashViewController.xib; sourceTree = "<group>"; };
		F26FEAEB4404483A93E013DC /* Pods-DailyTrackTestApp.debug.xcconfig */ = {isa = PBXFileReference; includeInIndex = 1; lastKnownFileType = text.xcconfig; name = "Pods-DailyTrackTestApp.debug.xcconfig"; path = "Target Support Files/Pods-DailyTrackTestApp/Pods-DailyTrackTestApp.debug.xcconfig"; sourceTree = "<group>"; };
/* End PBXFileReference section */

/* Begin PBXFrameworksBuildPhase section */
		93FE11B72CDA5B9200D674BC /* Frameworks */ = {
			isa = PBXFrameworksBuildPhase;
			buildActionMask = 2147483647;
			files = (
				993CFE2E592DFCEE1AFD606B /* Pods_DailyTrackTestApp.framework in Frameworks */,
			);
			runOnlyForDeploymentPostprocessing = 0;
		};
/* End PBXFrameworksBuildPhase section */

/* Begin PBXGroup section */
		5399C2E6B66A07A39B70D383 /* Pods */ = {
			isa = PBXGroup;
			children = (
				F26FEAEB4404483A93E013DC /* Pods-DailyTrackTestApp.debug.xcconfig */,
				704B0E02F5CD3273F6F4F5C2 /* Pods-DailyTrackTestApp.release.xcconfig */,
			);
			path = Pods;
			sourceTree = "<group>";
		};
		93FE11B12CDA5B9200D674BC = {
			isa = PBXGroup;
			children = (
				93FE11BC2CDA5B9200D674BC /* DailyTrackTestApp */,
				93FE11BB2CDA5B9200D674BC /* Products */,
				5399C2E6B66A07A39B70D383 /* Pods */,
				F0445EADFBA4249E5BE4AA93 /* Frameworks */,
			);
			sourceTree = "<group>";
		};
		93FE11BB2CDA5B9200D674BC /* Products */ = {
			isa = PBXGroup;
			children = (
				93FE11BA2CDA5B9200D674BC /* DailyTrackTestApp.app */,
			);
			name = Products;
			sourceTree = "<group>";
		};
		93FE11BC2CDA5B9200D674BC /* DailyTrackTestApp */ = {
			isa = PBXGroup;
			children = (
				93FE11D82CDA816A00D674BC /* Model */,
				93FE11D72CDA816100D674BC /* Views */,
				93FE11D62CDA814D00D674BC /* Controllers */,
				93FE11D22CDA5D5100D674BC /* Resources */,
				93FE11CB2CDA5B9300D674BC /* Info.plist */,
			);
			path = DailyTrackTestApp;
			sourceTree = "<group>";
		};
		93FE11D22CDA5D5100D674BC /* Resources */ = {
			isa = PBXGroup;
			children = (
				93FE11BD2CDA5B9200D674BC /* AppDelegate.swift */,
				93FE11BF2CDA5B9200D674BC /* SceneDelegate.swift */,
				93FE11C12CDA5B9200D674BC /* ViewController.swift */,
				93FE11C32CDA5B9200D674BC /* Main.storyboard */,
				93FE11C62CDA5B9300D674BC /* Assets.xcassets */,
				93FE11C82CDA5B9300D674BC /* LaunchScreen.storyboard */,
			);
			path = Resources;
			sourceTree = "<group>";
		};
		93FE11D62CDA814D00D674BC /* Controllers */ = {
			isa = PBXGroup;
			children = (
				93FE11DD2CDA81BF00D674BC /* Tabbar */,
				93FE11DC2CDA81AB00D674BC /* HomeViewController */,
				93FE11DB2CDA819300D674BC /* SignUpViewController */,
				93FE11DA2CDA818100D674BC /* LoginViewController */,
				93FE11D92CDA817100D674BC /* SplashViewController */,
			);
			path = Controllers;
			sourceTree = "<group>";
		};
		93FE11D72CDA816100D674BC /* Views */ = {
			isa = PBXGroup;
			children = (
			);
			path = Views;
			sourceTree = "<group>";
		};
		93FE11D82CDA816A00D674BC /* Model */ = {
			isa = PBXGroup;
			children = (
			);
			path = Model;
			sourceTree = "<group>";
		};
		93FE11D92CDA817100D674BC /* SplashViewController */ = {
			isa = PBXGroup;
			children = (
				93FE11DE2CDA81EC00D674BC /* SplashViewController.swift */,
				93FE11DF2CDA81EC00D674BC /* SplashViewController.xib */,
			);
			path = SplashViewController;
			sourceTree = "<group>";
		};
		93FE11DA2CDA818100D674BC /* LoginViewController */ = {
			isa = PBXGroup;
			children = (
			);
			path = LoginViewController;
			sourceTree = "<group>";
		};
		93FE11DB2CDA819300D674BC /* SignUpViewController */ = {
			isa = PBXGroup;
			children = (
			);
			path = SignUpViewController;
			sourceTree = "<group>";
		};
		93FE11DC2CDA81AB00D674BC /* HomeViewController */ = {
			isa = PBXGroup;
			children = (
			);
			name = HomeViewController;
			path = "HomeViewControllẻ";
			sourceTree = "<group>";
		};
		93FE11DD2CDA81BF00D674BC /* Tabbar */ = {
			isa = PBXGroup;
			children = (
			);
			path = Tabbar;
			sourceTree = "<group>";
		};
		F0445EADFBA4249E5BE4AA93 /* Frameworks */ = {
			isa = PBXGroup;
			children = (
				016C9567490F9ADC683AD53D /* Pods_DailyTrackTestApp.framework */,
			);
			name = Frameworks;
			sourceTree = "<group>";
		};
/* End PBXGroup section */

/* Begin PBXNativeTarget section */
		93FE11B92CDA5B9200D674BC /* DailyTrackTestApp */ = {
			isa = PBXNativeTarget;
			buildConfigurationList = 93FE11CE2CDA5B9300D674BC /* Build configuration list for PBXNativeTarget "DailyTrackTestApp" */;
			buildPhases = (
				C584E454D2D9B644C33D75E1 /* [CP] Check Pods Manifest.lock */,
				93FE11B62CDA5B9200D674BC /* Sources */,
				93FE11B72CDA5B9200D674BC /* Frameworks */,
				93FE11B82CDA5B9200D674BC /* Resources */,
			);
			buildRules = (
			);
			dependencies = (
			);
			name = DailyTrackTestApp;
			productName = DailyTrackTestApp;
			productReference = 93FE11BA2CDA5B9200D674BC /* DailyTrackTestApp.app */;
			productType = "com.apple.product-type.application";
		};
/* End PBXNativeTarget section */

/* Begin PBXProject section */
		93FE11B22CDA5B9200D674BC /* Project object */ = {
			isa = PBXProject;
			attributes = {
				BuildIndependentTargetsInParallel = 1;
				LastSwiftUpdateCheck = 1540;
				LastUpgradeCheck = 1540;
				TargetAttributes = {
					93FE11B92CDA5B9200D674BC = {
						CreatedOnToolsVersion = 15.4;
					};
				};
			};
			buildConfigurationList = 93FE11B52CDA5B9200D674BC /* Build configuration list for PBXProject "DailyTrackTestApp" */;
			compatibilityVersion = "Xcode 14.0";
			developmentRegion = en;
			hasScannedForEncodings = 0;
			knownRegions = (
				en,
				Base,
			);
			mainGroup = 93FE11B12CDA5B9200D674BC;
			productRefGroup = 93FE11BB2CDA5B9200D674BC /* Products */;
			projectDirPath = "";
			projectRoot = "";
			targets = (
				93FE11B92CDA5B9200D674BC /* DailyTrackTestApp */,
			);
		};
/* End PBXProject section */

/* Begin PBXResourcesBuildPhase section */
		93FE11B82CDA5B9200D674BC /* Resources */ = {
			isa = PBXResourcesBuildPhase;
			buildActionMask = 2147483647;
			files = (
				93FE11C72CDA5B9300D674BC /* Assets.xcassets in Resources */,
				93FE11CA2CDA5B9300D674BC /* Base in Resources */,
				93FE11C52CDA5B9200D674BC /* Base in Resources */,
				93FE11E12CDA81EC00D674BC /* SplashViewController.xib in Resources */,
			);
			runOnlyForDeploymentPostprocessing = 0;
		};
/* End PBXResourcesBuildPhase section */

/* Begin PBXShellScriptBuildPhase section */
		C584E454D2D9B644C33D75E1 /* [CP] Check Pods Manifest.lock */ = {
			isa = PBXShellScriptBuildPhase;
			buildActionMask = 2147483647;
			files = (
			);
			inputFileListPaths = (
			);
			inputPaths = (
				"${PODS_PODFILE_DIR_PATH}/Podfile.lock",
				"${PODS_ROOT}/Manifest.lock",
			);
			name = "[CP] Check Pods Manifest.lock";
			outputFileListPaths = (
			);
			outputPaths = (
				"$(DERIVED_FILE_DIR)/Pods-DailyTrackTestApp-checkManifestLockResult.txt",
			);
			runOnlyForDeploymentPostprocessing = 0;
			shellPath = /bin/sh;
			shellScript = "diff \"${PODS_PODFILE_DIR_PATH}/Podfile.lock\" \"${PODS_ROOT}/Manifest.lock\" > /dev/null\nif [ $? != 0 ] ; then\n    # print error to STDERR\n    echo \"error: The sandbox is not in sync with the Podfile.lock. Run 'pod install' or update your CocoaPods installation.\" >&2\n    exit 1\nfi\n# This output is used by Xcode 'outputs' to avoid re-running this script phase.\necho \"SUCCESS\" > \"${SCRIPT_OUTPUT_FILE_0}\"\n";
			showEnvVarsInLog = 0;
		};
/* End PBXShellScriptBuildPhase section */

/* Begin PBXSourcesBuildPhase section */
		93FE11B62CDA5B9200D674BC /* Sources */ = {
			isa = PBXSourcesBuildPhase;
			buildActionMask = 2147483647;
			files = (
				93FE11C22CDA5B9200D674BC /* ViewController.swift in Sources */,
				93FE11BE2CDA5B9200D674BC /* AppDelegate.swift in Sources */,
				93FE11C02CDA5B9200D674BC /* SceneDelegate.swift in Sources */,
				93FE11E02CDA81EC00D674BC /* SplashViewController.swift in Sources */,
			);
			runOnlyForDeploymentPostprocessing = 0;
		};
/* End PBXSourcesBuildPhase section */

/* Begin PBXVariantGroup section */
		93FE11C32CDA5B9200D674BC /* Main.storyboard */ = {
			isa = PBXVariantGroup;
			children = (
				93FE11C42CDA5B9200D674BC /* Base */,
			);
			name = Main.storyboard;
			sourceTree = "<group>";
		};
		93FE11C82CDA5B9300D674BC /* LaunchScreen.storyboard */ = {
			isa = PBXVariantGroup;
			children = (
				93FE11C92CDA5B9300D674BC /* Base */,
			);
			name = LaunchScreen.storyboard;
			sourceTree = "<group>";
		};
/* End PBXVariantGroup section */

/* Begin XCBuildConfiguration section */
		93FE11CC2CDA5B9300D674BC /* Debug */ = {
			isa = XCBuildConfiguration;
			buildSettings = {
				ALWAYS_SEARCH_USER_PATHS = NO;
				ASSETCATALOG_COMPILER_GENERATE_SWIFT_ASSET_SYMBOL_EXTENSIONS = YES;
				CLANG_ANALYZER_NONNULL = YES;
				CLANG_ANALYZER_NUMBER_OBJECT_CONVERSION = YES_AGGRESSIVE;
				CLANG_CXX_LANGUAGE_STANDARD = "gnu++20";
				CLANG_ENABLE_MODULES = YES;
				CLANG_ENABLE_OBJC_ARC = YES;
				CLANG_ENABLE_OBJC_WEAK = YES;
				CLANG_WARN_BLOCK_CAPTURE_AUTORELEASING = YES;
				CLANG_WARN_BOOL_CONVERSION = YES;
				CLANG_WARN_COMMA = YES;
				CLANG_WARN_CONSTANT_CONVERSION = YES;
				CLANG_WARN_DEPRECATED_OBJC_IMPLEMENTATIONS = YES;
				CLANG_WARN_DIRECT_OBJC_ISA_USAGE = YES_ERROR;
				CLANG_WARN_DOCUMENTATION_COMMENTS = YES;
				CLANG_WARN_EMPTY_BODY = YES;
				CLANG_WARN_ENUM_CONVERSION = YES;
				CLANG_WARN_INFINITE_RECURSION = YES;
				CLANG_WARN_INT_CONVERSION = YES;
				CLANG_WARN_NON_LITERAL_NULL_CONVERSION = YES;
				CLANG_WARN_OBJC_IMPLICIT_RETAIN_SELF = YES;
				CLANG_WARN_OBJC_LITERAL_CONVERSION = YES;
				CLANG_WARN_OBJC_ROOT_CLASS = YES_ERROR;
				CLANG_WARN_QUOTED_INCLUDE_IN_FRAMEWORK_HEADER = YES;
				CLANG_WARN_RANGE_LOOP_ANALYSIS = YES;
				CLANG_WARN_STRICT_PROTOTYPES = YES;
				CLANG_WARN_SUSPICIOUS_MOVE = YES;
				CLANG_WARN_UNGUARDED_AVAILABILITY = YES_AGGRESSIVE;
				CLANG_WARN_UNREACHABLE_CODE = YES;
				CLANG_WARN__DUPLICATE_METHOD_MATCH = YES;
				COPY_PHASE_STRIP = NO;
				DEBUG_INFORMATION_FORMAT = dwarf;
				ENABLE_STRICT_OBJC_MSGSEND = YES;
				ENABLE_TESTABILITY = YES;
				ENABLE_USER_SCRIPT_SANDBOXING = YES;
				GCC_C_LANGUAGE_STANDARD = gnu17;
				GCC_DYNAMIC_NO_PIC = NO;
				GCC_NO_COMMON_BLOCKS = YES;
				GCC_OPTIMIZATION_LEVEL = 0;
				GCC_PREPROCESSOR_DEFINITIONS = (
					"DEBUG=1",
					"$(inherited)",
				);
				GCC_WARN_64_TO_32_BIT_CONVERSION = YES;
				GCC_WARN_ABOUT_RETURN_TYPE = YES_ERROR;
				GCC_WARN_UNDECLARED_SELECTOR = YES;
				GCC_WARN_UNINITIALIZED_AUTOS = YES_AGGRESSIVE;
				GCC_WARN_UNUSED_FUNCTION = YES;
				GCC_WARN_UNUSED_VARIABLE = YES;
				IPHONEOS_DEPLOYMENT_TARGET = 17.5;
				LOCALIZATION_PREFERS_STRING_CATALOGS = YES;
				MTL_ENABLE_DEBUG_INFO = INCLUDE_SOURCE;
				MTL_FAST_MATH = YES;
				ONLY_ACTIVE_ARCH = YES;
				SDKROOT = iphoneos;
				SWIFT_ACTIVE_COMPILATION_CONDITIONS = "DEBUG $(inherited)";
				SWIFT_OPTIMIZATION_LEVEL = "-Onone";
			};
			name = Debug;
		};
		93FE11CD2CDA5B9300D674BC /* Release */ = {
			isa = XCBuildConfiguration;
			buildSettings = {
				ALWAYS_SEARCH_USER_PATHS = NO;
				ASSETCATALOG_COMPILER_GENERATE_SWIFT_ASSET_SYMBOL_EXTENSIONS = YES;
				CLANG_ANALYZER_NONNULL = YES;
				CLANG_ANALYZER_NUMBER_OBJECT_CONVERSION = YES_AGGRESSIVE;
				CLANG_CXX_LANGUAGE_STANDARD = "gnu++20";
				CLANG_ENABLE_MODULES = YES;
				CLANG_ENABLE_OBJC_ARC = YES;
				CLANG_ENABLE_OBJC_WEAK = YES;
				CLANG_WARN_BLOCK_CAPTURE_AUTORELEASING = YES;
				CLANG_WARN_BOOL_CONVERSION = YES;
				CLANG_WARN_COMMA = YES;
				CLANG_WARN_CONSTANT_CONVERSION = YES;
				CLANG_WARN_DEPRECATED_OBJC_IMPLEMENTATIONS = YES;
				CLANG_WARN_DIRECT_OBJC_ISA_USAGE = YES_ERROR;
				CLANG_WARN_DOCUMENTATION_COMMENTS = YES;
				CLANG_WARN_EMPTY_BODY = YES;
				CLANG_WARN_ENUM_CONVERSION = YES;
				CLANG_WARN_INFINITE_RECURSION = YES;
				CLANG_WARN_INT_CONVERSION = YES;
				CLANG_WARN_NON_LITERAL_NULL_CONVERSION = YES;
				CLANG_WARN_OBJC_IMPLICIT_RETAIN_SELF = YES;
				CLANG_WARN_OBJC_LITERAL_CONVERSION = YES;
				CLANG_WARN_OBJC_ROOT_CLASS = YES_ERROR;
				CLANG_WARN_QUOTED_INCLUDE_IN_FRAMEWORK_HEADER = YES;
				CLANG_WARN_RANGE_LOOP_ANALYSIS = YES;
				CLANG_WARN_STRICT_PROTOTYPES = YES;
				CLANG_WARN_SUSPICIOUS_MOVE = YES;
				CLANG_WARN_UNGUARDED_AVAILABILITY = YES_AGGRESSIVE;
				CLANG_WARN_UNREACHABLE_CODE = YES;
				CLANG_WARN__DUPLICATE_METHOD_MATCH = YES;
				COPY_PHASE_STRIP = NO;
				DEBUG_INFORMATION_FORMAT = "dwarf-with-dsym";
				ENABLE_NS_ASSERTIONS = NO;
				ENABLE_STRICT_OBJC_MSGSEND = YES;
				ENABLE_USER_SCRIPT_SANDBOXING = YES;
				GCC_C_LANGUAGE_STANDARD = gnu17;
				GCC_NO_COMMON_BLOCKS = YES;
				GCC_WARN_64_TO_32_BIT_CONVERSION = YES;
				GCC_WARN_ABOUT_RETURN_TYPE = YES_ERROR;
				GCC_WARN_UNDECLARED_SELECTOR = YES;
				GCC_WARN_UNINITIALIZED_AUTOS = YES_AGGRESSIVE;
				GCC_WARN_UNUSED_FUNCTION = YES;
				GCC_WARN_UNUSED_VARIABLE = YES;
				IPHONEOS_DEPLOYMENT_TARGET = 17.5;
				LOCALIZATION_PREFERS_STRING_CATALOGS = YES;
				MTL_ENABLE_DEBUG_INFO = NO;
				MTL_FAST_MATH = YES;
				SDKROOT = iphoneos;
				SWIFT_COMPILATION_MODE = wholemodule;
				VALIDATE_PRODUCT = YES;
			};
			name = Release;
		};
		93FE11CF2CDA5B9300D674BC /* Debug */ = {
			isa = XCBuildConfiguration;
			baseConfigurationReference = F26FEAEB4404483A93E013DC /* Pods-DailyTrackTestApp.debug.xcconfig */;
			buildSettings = {
				ASSETCATALOG_COMPILER_APPICON_NAME = AppIcon;
				ASSETCATALOG_COMPILER_GLOBAL_ACCENT_COLOR_NAME = AccentColor;
				CODE_SIGN_STYLE = Automatic;
				CURRENT_PROJECT_VERSION = 1;
				GENERATE_INFOPLIST_FILE = YES;
				INFOPLIST_FILE = DailyTrackTestApp/Info.plist;
				INFOPLIST_KEY_UIApplicationSupportsIndirectInputEvents = YES;
				INFOPLIST_KEY_UILaunchStoryboardName = LaunchScreen;
				INFOPLIST_KEY_UIMainStoryboardFile = Main;
				INFOPLIST_KEY_UISupportedInterfaceOrientations_iPad = "UIInterfaceOrientationPortrait UIInterfaceOrientationPortraitUpsideDown UIInterfaceOrientationLandscapeLeft UIInterfaceOrientationLandscapeRight";
				INFOPLIST_KEY_UISupportedInterfaceOrientations_iPhone = "UIInterfaceOrientationPortrait UIInterfaceOrientationLandscapeLeft UIInterfaceOrientationLandscapeRight";
				LD_RUNPATH_SEARCH_PATHS = (
					"$(inherited)",
					"@executable_path/Frameworks",
				);
				MARKETING_VERSION = 1.0;
				PRODUCT_BUNDLE_IDENTIFIER = com.yourcompany.DailyTrackTestApp;
				PRODUCT_NAME = "$(TARGET_NAME)";
				SWIFT_EMIT_LOC_STRINGS = YES;
				SWIFT_VERSION = 5.0;
				TARGETED_DEVICE_FAMILY = "1,2";
			};
			name = Debug;
		};
		93FE11D02CDA5B9300D674BC /* Release */ = {
			isa = XCBuildConfiguration;
			baseConfigurationReference = 704B0E02F5CD3273F6F4F5C2 /* Pods-DailyTrackTestApp.release.xcconfig */;
			buildSettings = {
				ASSETCATALOG_COMPILER_APPICON_NAME = AppIcon;
				ASSETCATALOG_COMPILER_GLOBAL_ACCENT_COLOR_NAME = AccentColor;
				CODE_SIGN_STYLE = Automatic;
				CURRENT_PROJECT_VERSION = 1;
				GENERATE_INFOPLIST_FILE = YES;
				INFOPLIST_FILE = DailyTrackTestApp/Info.plist;
				INFOPLIST_KEY_UIApplicationSupportsIndirectInputEvents = YES;
				INFOPLIST_KEY_UILaunchStoryboardName = LaunchScreen;
				INFOPLIST_KEY_UIMainStoryboardFile = Main;
				INFOPLIST_KEY_UISupportedInterfaceOrientations_iPad = "UIInterfaceOrientationPortrait UIInterfaceOrientationPortraitUpsideDown UIInterfaceOrientationLandscapeLeft UIInterfaceOrientationLandscapeRight";
				INFOPLIST_KEY_UISupportedInterfaceOrientations_iPhone = "UIInterfaceOrientationPortrait UIInterfaceOrientationLandscapeLeft UIInterfaceOrientationLandscapeRight";
				LD_RUNPATH_SEARCH_PATHS = (
					"$(inherited)",
					"@executable_path/Frameworks",
				);
				MARKETING_VERSION = 1.0;
				PRODUCT_BUNDLE_IDENTIFIER = com.yourcompany.DailyTrackTestApp;
				PRODUCT_NAME = "$(TARGET_NAME)";
				SWIFT_EMIT_LOC_STRINGS = YES;
				SWIFT_VERSION = 5.0;
				TARGETED_DEVICE_FAMILY = "1,2";
			};
			name = Release;
		};
/* End XCBuildConfiguration section */

/* Begin XCConfigurationList section */
		93FE11B52CDA5B9200D674BC /* Build configuration list for PBXProject "DailyTrackTestApp" */ = {
			isa = XCConfigurationList;
			buildConfigurations = (
				93FE11CC2CDA5B9300D674BC /* Debug */,
				93FE11CD2CDA5B9300D674BC /* Release */,
			);
			defaultConfigurationIsVisible = 0;
			defaultConfigurationName = Release;
		};
		93FE11CE2CDA5B9300D674BC /* Build configuration list for PBXNativeTarget "DailyTrackTestApp" */ = {
			isa = XCConfigurationList;
			buildConfigurations = (
				93FE11CF2CDA5B9300D674BC /* Debug */,
				93FE11D02CDA5B9300D674BC /* Release */,
			);
			defaultConfigurationIsVisible = 0;
			defaultConfigurationName = Release;
		};
/* End XCConfigurationList section */
	};
	rootObject = 93FE11B22CDA5B9200D674BC /* Project object */;
}
